
Microsoft Visual Studio Solution File, Format Version 12.00
# Visual Studio Version 17
VisualStudioVersion = 17.14.37516.0 d17.14
MinimumVisualStudioVersion = 10.0.40219.1
Project("{FAE04EC0-301F-11D3-BF4B-00C04F79EFBC}") = "kaadebug-bff-api", "kaadebug-bff-api.csproj", "{63A03E77-30A0-4EEA-843E-E2CD2A33D1ED}"
EndProject
Global
	GlobalSection(SolutionConfigurationPlatforms) = preSolution
		Debug|Any CPU = Debug|Any CPU
		Release|Any CPU = Release|Any CPU
	EndGlobalSection
	GlobalSection(ProjectConfigurationPlatforms) = postSolution
		{63A03E77-30A0-4EEA-843E-E2CD2A33D1ED}.Debug|Any CPU.ActiveCfg = Debug|Any CPU
		{63A03E77-30A0-4EEA-843E-E2CD2A33D1ED}.Debug|Any CPU.Build.0 = Debug|Any CPU
		{63A03E77-30A0-4EEA-843E-E2CD2A33D1ED}.Release|Any CPU.ActiveCfg = Release|Any CPU
		{63A03E77-30A0-4EEA-843E-E2CD2A33D1ED}.Release|Any CPU.Build.0 = Release|Any CPU
	EndGlobalSection
	GlobalSection(SolutionProperties) = preSolution
		HideSolutionNode = FALSE
	EndGlobalSection
	GlobalSection(ExtensibilityGlobals) = postSolution
		SolutionGuid = {D7E98B72-5130-48F4-831E-C6669BE9AB02}
	EndGlobalSection
EndGlobal
